
Microsoft Visual Studio Solution File, Format Version 12.00
# Visual Studio 2012
Project("{FAE04EC0-301F-11D3-BF4B-00C04F79EFBC}") = "Grade Uploading and Viewing Criteria", "Grade Uploading and Viewing Criteria\Grade Uploading and Viewing Criteria.csproj", "{C9530971-8114-4C1E-9CAF-F0AF9401AB7F}"
EndProject
Global
	GlobalSection(SolutionConfigurationPlatforms) = preSolution
		Debug|Any CPU = Debug|Any CPU
		Release|Any CPU = Release|Any CPU
	EndGlobalSection
	GlobalSection(ProjectConfigurationPlatforms) = postSolution
		{C9530971-8114-4C1E-9CAF-F0AF9401AB7F}.Debug|Any CPU.ActiveCfg = Debug|Any CPU
		{C9530971-8114-4C1E-9CAF-F0AF9401AB7F}.Debug|Any CPU.Build.0 = Debug|Any CPU
		{C9530971-8114-4C1E-9CAF-F0AF9401AB7F}.Release|Any CPU.ActiveCfg = Release|Any CPU
		{C9530971-8114-4C1E-9CAF-F0AF9401AB7F}.Release|Any CPU.Build.0 = Release|Any CPU
	EndGlobalSection
	GlobalSection(SolutionProperties) = preSolution
		HideSolutionNode = FALSE
	EndGlobalSection
EndGlobal
